Microsoft Visual Studio Solution File, Format Version 12.00
# Visual Studio 2012
Project("{FAE04EC0-301F-11D3-BF4B-00C04F79EFBC}") = "Echoes.Godot.Tests", "Echoes.Godot.Tests.csproj", "{BFC5ECD1-D0C0-47AD-B302-8EACE40FC248}"
EndProject
Global
	GlobalSection(SolutionConfigurationPlatforms) = preSolution
	Debug|Any CPU = Debug|Any CPU
	ExportDebug|Any CPU = ExportDebug|Any CPU
	ExportRelease|Any CPU = ExportRelease|Any CPU
	EndGlobalSection
	GlobalSection(ProjectConfigurationPlatforms) = postSolution
		{BFC5ECD1-D0C0-47AD-B302-8EACE40FC248}.Debug|Any CPU.ActiveCfg = Debug|Any CPU
		{BFC5ECD1-D0C0-47AD-B302-8EACE40FC248}.Debug|Any CPU.Build.0 = Debug|Any CPU
		{BFC5ECD1-D0C0-47AD-B302-8EACE40FC248}.ExportDebug|Any CPU.ActiveCfg = ExportDebug|Any CPU
		{BFC5ECD1-D0C0-47AD-B302-8EACE40FC248}.ExportDebug|Any CPU.Build.0 = ExportDebug|Any CPU
		{BFC5ECD1-D0C0-47AD-B302-8EACE40FC248}.ExportRelease|Any CPU.ActiveCfg = ExportRelease|Any CPU
		{BFC5ECD1-D0C0-47AD-B302-8EACE40FC248}.ExportRelease|Any CPU.Build.0 = ExportRelease|Any CPU
	EndGlobalSection
EndGlobal
